
Microsoft Visual Studio Solution File, Format Version 12.00
# Visual Studio Version 17
VisualStudioVersion = 17.6.33815.320
MinimumVisualStudioVersion = 10.0.40219.1
Project("{FAE04EC0-301F-11D3-BF4B-00C04F79EFBC}") = "WinFormsAppDemoNeo4jDriver", "WinFormsAppDemoNeo4jDriver\WinFormsAppDemoNeo4jDriver.csproj", "{5688768A-45A0-4E94-B362-215D383F04CA}"
EndProject
Global
	GlobalSection(SolutionConfigurationPlatforms) = preSolution
		Debug|Any CPU = Debug|Any CPU
		Release|Any CPU = Release|Any CPU
	EndGlobalSection
	GlobalSection(ProjectConfigurationPlatforms) = postSolution
		{5688768A-45A0-4E94-B362-215D383F04CA}.Debug|Any CPU.ActiveCfg = Debug|Any CPU
		{5688768A-45A0-4E94-B362-215D383F04CA}.Debug|Any CPU.Build.0 = Debug|Any CPU
		{5688768A-45A0-4E94-B362-215D383F04CA}.Release|Any CPU.ActiveCfg = Release|Any CPU
		{5688768A-45A0-4E94-B362-215D383F04CA}.Release|Any CPU.Build.0 = Release|Any CPU
	EndGlobalSection
	GlobalSection(SolutionProperties) = preSolution
		HideSolutionNode = FALSE
	EndGlobalSection
	GlobalSection(ExtensibilityGlobals) = postSolution
		SolutionGuid = {EE2B12A3-AC71-4C59-9C44-09C9411C6630}
	EndGlobalSection
EndGlobal
